
Microsoft Visual Studio Solution File, Format Version 12.00
# Visual Studio 15
VisualStudioVersion = 15.0.26228.4
MinimumVisualStudioVersion = 10.0.40219.1
Project("{FAE04EC0-301F-11D3-BF4B-00C04F79EFBC}") = "MonteMonolith", "MonteMonolith\MonteMonolith.csproj", "{E52A37D7-8C62-452F-B33F-F006C06EBAFF}"
EndProject
Project("{FAE04EC0-301F-11D3-BF4B-00C04F79EFBC}") = "MonteMonolith.Framework", "MonteMonolith.Framework\MonteMonolith.Framework.csproj", "{1732B10A-1446-4DD0-A7B2-2B27CE20B806}"
EndProject
Global
	GlobalSection(SolutionConfigurationPlatforms) = preSolution
		Debug|Any CPU = Debug|Any CPU
		Release|Any CPU = Release|Any CPU
	EndGlobalSection
	GlobalSection(ProjectConfigurationPlatforms) = postSolution
		{E52A37D7-8C62-452F-B33F-F006C06EBAFF}.Debug|Any CPU.ActiveCfg = Debug|Any CPU
		{E52A37D7-8C62-452F-B33F-F006C06EBAFF}.Debug|Any CPU.Build.0 = Debug|Any CPU
		{E52A37D7-8C62-452F-B33F-F006C06EBAFF}.Release|Any CPU.ActiveCfg = Release|Any CPU
		{E52A37D7-8C62-452F-B33F-F006C06EBAFF}.Release|Any CPU.Build.0 = Release|Any CPU
		{1732B10A-1446-4DD0-A7B2-2B27CE20B806}.Debug|Any CPU.ActiveCfg = Debug|Any CPU
		{1732B10A-1446-4DD0-A7B2-2B27CE20B806}.Debug|Any CPU.Build.0 = Debug|Any CPU
		{1732B10A-1446-4DD0-A7B2-2B27CE20B806}.Release|Any CPU.ActiveCfg = Release|Any CPU
		{1732B10A-1446-4DD0-A7B2-2B27CE20B806}.Release|Any CPU.Build.0 = Release|Any CPU
	EndGlobalSection
	GlobalSection(SolutionProperties) = preSolution
		HideSolutionNode = FALSE
	EndGlobalSection
EndGlobal
